Microsoft Visual Studio Solution File, Format Version 12.00
# Visual Studio Version 17
VisualStudioVersion = 17.5.2.0
MinimumVisualStudioVersion = 10.0.40219.1
Project("{FAE04EC0-301F-11D3-BF4B-00C04F79EFBC}") = "KeyOverlay", "KeyOverlay.csproj", "{B7646067-472B-D783-64B2-7A24942C83F9}"
EndProject
Global
	GlobalSection(SolutionConfigurationPlatforms) = preSolution
		Debug|Any CPU = Debug|Any CPU
		Release|Any CPU = Release|Any CPU
	EndGlobalSection
	GlobalSection(ProjectConfigurationPlatforms) = postSolution
		{B7646067-472B-D783-64B2-7A24942C83F9}.Debug|Any CPU.ActiveCfg = Debug|Any CPU
		{B7646067-472B-D783-64B2-7A24942C83F9}.Debug|Any CPU.Build.0 = Debug|Any CPU
		{B7646067-472B-D783-64B2-7A24942C83F9}.Release|Any CPU.ActiveCfg = Release|Any CPU
		{B7646067-472B-D783-64B2-7A24942C83F9}.Release|Any CPU.Build.0 = Release|Any CPU
	EndGlobalSection
	GlobalSection(SolutionProperties) = preSolution
		HideSolutionNode = FALSE
	EndGlobalSection
	GlobalSection(ExtensibilityGlobals) = postSolution
		SolutionGuid = {3AD01F41-3357-451B-B67F-30764ECE3369}
	EndGlobalSection
EndGlobal
